
Microsoft Visual Studio Solution File, Format Version 12.00
# Visual Studio Version 16
VisualStudioVersion = 16.0.29519.181
MinimumVisualStudioVersion = 10.0.40219.1
Project("{FAE04EC0-301F-11D3-BF4B-00C04F79EFBC}") = "matamata", "matamata\matamata.csproj", "{768BCFD7-B6B2-4CC3-9518-C6E65E41F446}"
EndProject
Global
	GlobalSection(SolutionConfigurationPlatforms) = preSolution
		Debug|Any CPU = Debug|Any CPU
		Release|Any CPU = Release|Any CPU
	EndGlobalSection
	GlobalSection(ProjectConfigurationPlatforms) = postSolution
		{768BCFD7-B6B2-4CC3-9518-C6E65E41F446}.Debug|Any CPU.ActiveCfg = Debug|Any CPU
		{768BCFD7-B6B2-4CC3-9518-C6E65E41F446}.Debug|Any CPU.Build.0 = Debug|Any CPU
		{768BCFD7-B6B2-4CC3-9518-C6E65E41F446}.Release|Any CPU.ActiveCfg = Release|Any CPU
		{768BCFD7-B6B2-4CC3-9518-C6E65E41F446}.Release|Any CPU.Build.0 = Release|Any CPU
	EndGlobalSection
	GlobalSection(SolutionProperties) = preSolution
		HideSolutionNode = FALSE
	EndGlobalSection
	GlobalSection(ExtensibilityGlobals) = postSolution
		SolutionGuid = {8E8D35D1-2DD3-43FF-A348-393810F4FD22}
	EndGlobalSection
EndGlobal
